
Microsoft Visual Studio Solution File, Format Version 12.00
# Visual Studio Version 17
VisualStudioVersion = 17.14.36811.4
MinimumVisualStudioVersion = 10.0.40219.1
Project("{FAE04EC0-301F-11D3-BF4B-00C04F79EFBC}") = "CsharpBooru", "CsharpBooru\CsharpBooru.csproj", "{9CFCEE6D-DD78-4ECE-9EAA-0152727BAD08}"
EndProject
Global
	GlobalSection(SolutionConfigurationPlatforms) = preSolution
		Debug|Any CPU = Debug|Any CPU
		Release|Any CPU = Release|Any CPU
	EndGlobalSection
	GlobalSection(ProjectConfigurationPlatforms) = postSolution
		{9CFCEE6D-DD78-4ECE-9EAA-0152727BAD08}.Debug|Any CPU.ActiveCfg = Debug|Any CPU
		{9CFCEE6D-DD78-4ECE-9EAA-0152727BAD08}.Debug|Any CPU.Build.0 = Debug|Any CPU
		{9CFCEE6D-DD78-4ECE-9EAA-0152727BAD08}.Release|Any CPU.ActiveCfg = Release|Any CPU
		{9CFCEE6D-DD78-4ECE-9EAA-0152727BAD08}.Release|Any CPU.Build.0 = Release|Any CPU
	EndGlobalSection
	GlobalSection(SolutionProperties) = preSolution
		HideSolutionNode = FALSE
	EndGlobalSection
	GlobalSection(ExtensibilityGlobals) = postSolution
		SolutionGuid = {D8DCF7F1-9C4A-4AFA-ABC1-3026F43A5849}
	EndGlobalSection
EndGlobal
